
Microsoft Visual Studio Solution File, Format Version 12.00
# Visual Studio Version 16
VisualStudioVersion = 16.0.29709.97
MinimumVisualStudioVersion = 10.0.40219.1
Project("{FAE04EC0-301F-11D3-BF4B-00C04F79EFBC}") = "ScoutHelper", "ScoutHelper\ScoutHelper.csproj", "{13C812E9-0D42-4B95-8646-40EEBF30636F}"
EndProject
Project("{FAE04EC0-301F-11D3-BF4B-00C04F79EFBC}") = "ScoutHelperTests", "ScoutHelperTests\ScoutHelperTests.csproj", "{31CD702B-08BA-4EB3-93D6-C895CD3DCB19}"
EndProject
Project("{FAE04EC0-301F-11D3-BF4B-00C04F79EFBC}") = "OtterGui", "OtterGui\OtterGui.csproj", "{264A8375-1760-4D5B-87D2-9C71AC2D6460}"
EndProject
Project("{FAE04EC0-301F-11D3-BF4B-00C04F79EFBC}") = "OtterGuiInternal", "OtterGui\OtterGuiInternal\OtterGuiInternal.csproj", "{A14FFD18-747B-4FCC-AD14-5A51A28D4710}"
EndProject
Global
	GlobalSection(SolutionConfigurationPlatforms) = preSolution
		Debug|x64 = Debug|x64
		Release|x64 = Release|x64
	EndGlobalSection
	GlobalSection(ProjectConfigurationPlatforms) = postSolution
		{13C812E9-0D42-4B95-8646-40EEBF30636F}.Debug|x64.ActiveCfg = Debug|x64
		{13C812E9-0D42-4B95-8646-40EEBF30636F}.Debug|x64.Build.0 = Debug|x64
		{13C812E9-0D42-4B95-8646-40EEBF30636F}.Release|x64.ActiveCfg = Release|x64
		{13C812E9-0D42-4B95-8646-40EEBF30636F}.Release|x64.Build.0 = Release|x64
		{31CD702B-08BA-4EB3-93D6-C895CD3DCB19}.Debug|x64.ActiveCfg = Debug|Any CPU
		{31CD702B-08BA-4EB3-93D6-C895CD3DCB19}.Debug|x64.Build.0 = Debug|Any CPU
		{31CD702B-08BA-4EB3-93D6-C895CD3DCB19}.Release|x64.ActiveCfg = Release|Any CPU
		{31CD702B-08BA-4EB3-93D6-C895CD3DCB19}.Release|x64.Build.0 = Release|Any CPU
		{264A8375-1760-4D5B-87D2-9C71AC2D6460}.Debug|x64.ActiveCfg = Debug|Any CPU
		{264A8375-1760-4D5B-87D2-9C71AC2D6460}.Debug|x64.Build.0 = Debug|Any CPU
		{264A8375-1760-4D5B-87D2-9C71AC2D6460}.Release|x64.ActiveCfg = Release|Any CPU
		{264A8375-1760-4D5B-87D2-9C71AC2D6460}.Release|x64.Build.0 = Release|Any CPU
		{A14FFD18-747B-4FCC-AD14-5A51A28D4710}.Debug|x64.ActiveCfg = Debug|Any CPU
		{A14FFD18-747B-4FCC-AD14-5A51A28D4710}.Debug|x64.Build.0 = Debug|Any CPU
		{A14FFD18-747B-4FCC-AD14-5A51A28D4710}.Release|x64.ActiveCfg = Release|Any CPU
		{A14FFD18-747B-4FCC-AD14-5A51A28D4710}.Release|x64.Build.0 = Release|Any CPU
	EndGlobalSection
	GlobalSection(SolutionProperties) = preSolution
		HideSolutionNode = FALSE
	EndGlobalSection
	GlobalSection(ExtensibilityGlobals) = postSolution
		SolutionGuid = {B17E85B1-5F60-4440-9F9A-3DDE877E8CDF}
	EndGlobalSection
EndGlobal
